{
  "pins" : [
    {
      "identity" : "libarchive.xcframework",
      "kind" : "remoteSourceControl",
      "location" : "https://github.com/Lakr233/libarchive.xcframework.git",
      "state" : {
        "revision" : "82687c75e530917b7fbeb15cd5f9369524637155",
        "version" : "1.0.0"
      }
    },
    {
      "identity" : "swift-argument-parser",
      "kind" : "remoteSourceControl",
      "location" : "https://github.com/apple/swift-argument-parser.git",
      "state" : {
        "revision" : "6a52f3251125d74daf04fcbd5e6f08a75d074382",
        "version" : "1.8.2"
      }
    }
  ],
  "version" : 2
}
